
Microsoft Visual Studio Solution File, Format Version 12.00
# Visual Studio 15
VisualStudioVersion = 15.0.28307.1500
MinimumVisualStudioVersion = 15.0.26730.16
Project("{F184B08F-C81C-45F6-A57F-5ABD9991F28F}") = "Se2ISI", "Se2ISCORSP\Se2ISI.vbproj", "{828F6FDA-FA7E-45F9-8008-D70557519908}"
	ProjectSection(ProjectDependencies) = postProject
		{E1D74E0C-76C4-4431-814A-262AF338DA04} = {E1D74E0C-76C4-4431-814A-262AF338DA04}
		{0EAAF244-7F67-4F64-A815-A1B0625CF245} = {0EAAF244-7F67-4F64-A815-A1B0625CF245}
		{E61D6C49-18A3-4924-8276-2A71E6649C85} = {E61D6C49-18A3-4924-8276-2A71E6649C85}
		{8B3CDB8A-E495-4941-AE0D-EB6CB76A323B} = {8B3CDB8A-E495-4941-AE0D-EB6CB76A323B}
	EndProjectSection
EndProject
Project("{F184B08F-C81C-45F6-A57F-5ABD9991F28F}") = "SoA", "SoA\SoA.vbproj", "{D10EEBD4-8DF1-4DDB-ADBB-7AA570B1BEDD}"
EndProject
Project("{F184B08F-C81C-45F6-A57F-5ABD9991F28F}") = "TransferLetter", "TransferLetter\TransferLetter.vbproj", "{EC470EDE-5933-4711-A8DE-22C08DEBB4BA}"
EndProject
Project("{F184B08F-C81C-45F6-A57F-5ABD9991F28F}") = "FinancialConfirm", "FinancialConfirm\FinancialConfirm.vbproj", "{F7DE944E-9012-46FB-82CC-D76C8E057D0F}"
EndProject
Project("{F184B08F-C81C-45F6-A57F-5ABD9991F28F}") = "DailyRMDLetter", "Daily_RMD_Letter\DailyRMDLetter.vbproj", "{8B3CDB8A-E495-4941-AE0D-EB6CB76A323B}"
EndProject
Project("{F184B08F-C81C-45F6-A57F-5ABD9991F28F}") = "BeneChangeLetter", "BeneChangeLetter\BeneChangeLetter.vbproj", "{E1D74E0C-76C4-4431-814A-262AF338DA04}"
EndProject
Project("{F184B08F-C81C-45F6-A57F-5ABD9991F28F}") = "AddressChangeLetter", "AddressChangeLetter\AddressChangeLetter.vbproj", "{E61D6C49-18A3-4924-8276-2A71E6649C85}"
EndProject
Project("{F184B08F-C81C-45F6-A57F-5ABD9991F28F}") = "Intake", "Intake\Intake.vbproj", "{9F5017B1-9F63-4927-B807-F47E4FECC011}"
EndProject
Project("{F184B08F-C81C-45F6-A57F-5ABD9991F28F}") = "BRCCEmailNotification", "BRCCEmailNotification\BRCCEmailNotification.vbproj", "{8BF3B34C-423C-414B-ABC6-BEE020D33577}"
EndProject
Project("{F184B08F-C81C-45F6-A57F-5ABD9991F28F}") = "StartRiderBenefitLetter", "StartRiderBenefitLetter\StartRiderBenefitLetter.vbproj", "{7762A7A4-BC2A-4145-9474-0BDF4E295CEE}"
EndProject
Project("{F184B08F-C81C-45F6-A57F-5ABD9991F28F}") = "RiderTerminationLetter", "RiderTerminationLetter\RiderTerminationLetter.vbproj", "{12B92D0A-D7D1-49D9-AF92-4E692A35687A}"
EndProject
Project("{F184B08F-C81C-45F6-A57F-5ABD9991F28F}") = "RenewalLetter", "RenewalLetter\RenewalLetter.vbproj", "{AE65350A-2D04-4A36-832A-5C24765828EE}"
EndProject
Project("{F184B08F-C81C-45F6-A57F-5ABD9991F28F}") = "FIAAnnivStmt", "FIAAnnivStmt\FIAAnnivStmt.vbproj", "{EF51E497-42F0-4AD9-9BB9-072AF72B072C}"
EndProject
Project("{F184B08F-C81C-45F6-A57F-5ABD9991F28F}") = "AnnualRMDLetter", "AnnualRMDLetter\AnnualRMDLetter.vbproj", "{0EAAF244-7F67-4F64-A815-A1B0625CF245}"
EndProject
Project("{F184B08F-C81C-45F6-A57F-5ABD9991F28F}") = "MaturityDateLetter", "MaturityDateLetter\MaturityDateLetter.vbproj", "{D57806F6-DF2F-4992-8835-07BB9ABF7E4B}"
EndProject
Project("{F184B08F-C81C-45F6-A57F-5ABD9991F28F}") = "WaivePremiumLetter", "WaivePremiumLetter\WaivePremiumLetter.vbproj", "{2AE9B3BA-5622-49C6-ACB6-9CA2F688A354}"
EndProject
Project("{F184B08F-C81C-45F6-A57F-5ABD9991F28F}") = "EDelivery", "EDelivery\EDelivery.vbproj", "{3795862A-E84C-46E7-9D26-3DDACA461307}"
EndProject
Project("{F184B08F-C81C-45F6-A57F-5ABD9991F28F}") = "EDeliverySGReport", "EDeliverySGReport\EDeliverySGReport.vbproj", "{1186DABD-EB7E-4D8C-852B-26C6600E0338}"
EndProject
Project("{F184B08F-C81C-45F6-A57F-5ABD9991F28F}") = "FixedAnnivStmt", "FixedAnnivStmt\FixedAnnivStmt.vbproj", "{EF9C05CA-4125-4B24-8E38-6069D46EFB78}"
EndProject
Project("{F184B08F-C81C-45F6-A57F-5ABD9991F28F}") = "MYGAAnnivStmt", "MYGAAnnivStmt\MYGAAnnivStmt.vbproj", "{DA973A7D-3C5A-4BD2-B014-6A7BBE7E6C28}"
EndProject
Project("{F184B08F-C81C-45F6-A57F-5ABD9991F28F}") = "FIAPolicyPage", "FIAPolicyPage\FIAPolicyPage.vbproj", "{DDA0ED2F-0917-48C0-A7F9-E2AC3EBFD520}"
EndProject
Project("{F184B08F-C81C-45F6-A57F-5ABD9991F28F}") = "ADLStartLetter", "ADLStartLetter\ADLStartLetter.vbproj", "{F6707DE5-9C52-4A29-BE02-9784D28D7F20}"
EndProject
Project("{F184B08F-C81C-45F6-A57F-5ABD9991F28F}") = "ADLEndLetter", "ADLEndLetter\ADLEndLetter.vbproj", "{A0F168F1-4526-4436-8951-0277D6D1F7D7}"
EndProject
Project("{F184B08F-C81C-45F6-A57F-5ABD9991F28F}") = "ADLRecertifyLetter", "ADLRecertifyLetter\ADLRecertifyLetter.vbproj", "{C1A03F39-FC37-4888-BEC8-01889B20869B}"
EndProject
Project("{F184B08F-C81C-45F6-A57F-5ABD9991F28F}") = "CostBasisLetter", "CostBasisLetter\CostBasisLetter.vbproj", "{53E811D4-1A56-4F0C-8E81-7DFF19DC6C8D}"
EndProject
Project("{F184B08F-C81C-45F6-A57F-5ABD9991F28F}") = "AnnualRMDAgentLetter", "AnnualRMDAgentLetter\AnnualRMDAgentLetter.vbproj", "{4C22E5A7-6BA4-4DA5-93BB-B0F5DBCCEE65}"
EndProject
Project("{F184B08F-C81C-45F6-A57F-5ABD9991F28F}") = "AnnualRMDCustomerLetter", "AnnualRMDCustomerLetter\AnnualRMDCustomerLetter.vbproj", "{6131DBEF-14A1-441A-A6B1-BD8647993F73}"
EndProject
Project("{F184B08F-C81C-45F6-A57F-5ABD9991F28F}") = "AgentWelcomeLetter", "AgentWelcomeLetter\AgentWelcomeLetter.vbproj", "{8A46106B-12B5-4CCE-9E96-B0E382C0C011}"
EndProject
Project("{F184B08F-C81C-45F6-A57F-5ABD9991F28F}") = "ReplacementLetter", "ReplacementLetter\ReplacementLetter.vbproj", "{306D0D71-0478-4713-B923-101CAC3D133B}"
EndProject
Project("{F184B08F-C81C-45F6-A57F-5ABD9991F28F}") = "DNQLetter", "DNQLetter\DNQLetter.vbproj", "{F96A3340-B75E-42B4-9EB7-F767D0D5CFC6}"
EndProject
Project("{F184B08F-C81C-45F6-A57F-5ABD9991F28F}") = "FIAADLStartBenefitLetter", "FIAADLStartBenefitLetter\FIAADLStartBenefitLetter.vbproj", "{8849F21B-AA34-4688-B170-C526757DEA03}"
EndProject
Project("{F184B08F-C81C-45F6-A57F-5ABD9991F28F}") = "FIAADLStopBenefitLetter", "FIAADLStopBenefitLetter\FIAADLStopBenefitLetter.vbproj", "{2D9BE1FB-CEA1-4531-A1C2-924D6E78E715}"
EndProject
Project("{F184B08F-C81C-45F6-A57F-5ABD9991F28F}") = "FIAADL30DayLetter", "FIAADL30DayLetter\FIAADL30DayLetter.vbproj", "{59471FBC-1C77-4FB5-8899-73D00ED0D0E4}"
EndProject
Project("{F184B08F-C81C-45F6-A57F-5ABD9991F28F}") = "FIAADL60DayLetter", "FIAADL60DayLetter\FIAADL60DayLetter.vbproj", "{DA69995C-C650-40B3-91F0-693B9A26FAE2}"
EndProject
Project("{F184B08F-C81C-45F6-A57F-5ABD9991F28F}") = "LTCAutomation", "LTCAutomation\LTCAutomation.vbproj", "{38C07482-607D-4E9E-88B0-FC3443E225F6}"
EndProject
Project("{F184B08F-C81C-45F6-A57F-5ABD9991F28F}") = "FMVLetter", "FMVLetter\FMVLetter.vbproj", "{AF1822B1-52B5-42A1-83D6-C9E1D8438BDA}"
EndProject
Project("{F184B08F-C81C-45F6-A57F-5ABD9991F28F}") = "FIA3AnnivStmt", "FIA3AnnivStmt\FIA3AnnivStmt.vbproj", "{E3120D40-6DD1-4D9F-AB8B-BEAE8EC2002E}"
EndProject
Project("{F184B08F-C81C-45F6-A57F-5ABD9991F28F}") = "BankingConfirmationLetter", "BankingConfirmationLetter\BankingConfirmationLetter.vbproj", "{4A1995AF-1186-4811-A2F1-0D5857C964DF}"
EndProject
Global
	GlobalSection(SolutionConfigurationPlatforms) = preSolution
		Debug|Any CPU = Debug|Any CPU
		Release|Any CPU = Release|Any CPU
	EndGlobalSection
	GlobalSection(ProjectConfigurationPlatforms) = postSolution
		{828F6FDA-FA7E-45F9-8008-D70557519908}.Debug|Any CPU.ActiveCfg = Debug|Any CPU
		{828F6FDA-FA7E-45F9-8008-D70557519908}.Debug|Any CPU.Build.0 = Debug|Any CPU
		{828F6FDA-FA7E-45F9-8008-D70557519908}.Release|Any CPU.ActiveCfg = Release|Any CPU
		{828F6FDA-FA7E-45F9-8008-D70557519908}.Release|Any CPU.Build.0 = Release|Any CPU
		{D10EEBD4-8DF1-4DDB-ADBB-7AA570B1BEDD}.Debug|Any CPU.ActiveCfg = Debug|Any CPU
		{D10EEBD4-8DF1-4DDB-ADBB-7AA570B1BEDD}.Debug|Any CPU.Build.0 = Debug|Any CPU
		{D10EEBD4-8DF1-4DDB-ADBB-7AA570B1BEDD}.Release|Any CPU.ActiveCfg = Release|Any CPU
		{D10EEBD4-8DF1-4DDB-ADBB-7AA570B1BEDD}.Release|Any CPU.Build.0 = Release|Any CPU
		{EC470EDE-5933-4711-A8DE-22C08DEBB4BA}.Debug|Any CPU.ActiveCfg = Debug|Any CPU
		{EC470EDE-5933-4711-A8DE-22C08DEBB4BA}.Debug|Any CPU.Build.0 = Debug|Any CPU
		{EC470EDE-5933-4711-A8DE-22C08DEBB4BA}.Release|Any CPU.ActiveCfg = Release|Any CPU
		{EC470EDE-5933-4711-A8DE-22C08DEBB4BA}.Release|Any CPU.Build.0 = Release|Any CPU
		{F7DE944E-9012-46FB-82CC-D76C8E057D0F}.Debug|Any CPU.ActiveCfg = Debug|Any CPU
		{F7DE944E-9012-46FB-82CC-D76C8E057D0F}.Debug|Any CPU.Build.0 = Debug|Any CPU
		{F7DE944E-9012-46FB-82CC-D76C8E057D0F}.Release|Any CPU.ActiveCfg = Release|Any CPU
		{F7DE944E-9012-46FB-82CC-D76C8E057D0F}.Release|Any CPU.Build.0 = Release|Any CPU
		{8B3CDB8A-E495-4941-AE0D-EB6CB76A323B}.Debug|Any CPU.ActiveCfg = Debug|Any CPU
		{8B3CDB8A-E495-4941-AE0D-EB6CB76A323B}.Debug|Any CPU.Build.0 = Debug|Any CPU
		{8B3CDB8A-E495-4941-AE0D-EB6CB76A323B}.Release|Any CPU.ActiveCfg = Release|Any CPU
		{8B3CDB8A-E495-4941-AE0D-EB6CB76A323B}.Release|Any CPU.Build.0 = Release|Any CPU
		{E1D74E0C-76C4-4431-814A-262AF338DA04}.Debug|Any CPU.ActiveCfg = Debug|Any CPU
		{E1D74E0C-76C4-4431-814A-262AF338DA04}.Debug|Any CPU.Build.0 = Debug|Any CPU
		{E1D74E0C-76C4-4431-814A-262AF338DA04}.Release|Any CPU.ActiveCfg = Release|Any CPU
		{E1D74E0C-76C4-4431-814A-262AF338DA04}.Release|Any CPU.Build.0 = Release|Any CPU
		{E61D6C49-18A3-4924-8276-2A71E6649C85}.Debug|Any CPU.ActiveCfg = Debug|Any CPU
		{E61D6C49-18A3-4924-8276-2A71E6649C85}.Debug|Any CPU.Build.0 = Debug|Any CPU
		{E61D6C49-18A3-4924-8276-2A71E6649C85}.Release|Any CPU.ActiveCfg = Release|Any CPU
		{E61D6C49-18A3-4924-8276-2A71E6649C85}.Release|Any CPU.Build.0 = Release|Any CPU
		{9F5017B1-9F63-4927-B807-F47E4FECC011}.Debug|Any CPU.ActiveCfg = Debug|Any CPU
		{9F5017B1-9F63-4927-B807-F47E4FECC011}.Debug|Any CPU.Build.0 = Debug|Any CPU
		{9F5017B1-9F63-4927-B807-F47E4FECC011}.Release|Any CPU.ActiveCfg = Release|Any CPU
		{9F5017B1-9F63-4927-B807-F47E4FECC011}.Release|Any CPU.Build.0 = Release|Any CPU
		{8BF3B34C-423C-414B-ABC6-BEE020D33577}.Debug|Any CPU.ActiveCfg = Debug|Any CPU
		{8BF3B34C-423C-414B-ABC6-BEE020D33577}.Debug|Any CPU.Build.0 = Debug|Any CPU
		{8BF3B34C-423C-414B-ABC6-BEE020D33577}.Release|Any CPU.ActiveCfg = Release|Any CPU
		{8BF3B34C-423C-414B-ABC6-BEE020D33577}.Release|Any CPU.Build.0 = Release|Any CPU
		{7762A7A4-BC2A-4145-9474-0BDF4E295CEE}.Debug|Any CPU.ActiveCfg = Debug|Any CPU
		{7762A7A4-BC2A-4145-9474-0BDF4E295CEE}.Debug|Any CPU.Build.0 = Debug|Any CPU
		{7762A7A4-BC2A-4145-9474-0BDF4E295CEE}.Release|Any CPU.ActiveCfg = Release|Any CPU
		{7762A7A4-BC2A-4145-9474-0BDF4E295CEE}.Release|Any CPU.Build.0 = Release|Any CPU
		{12B92D0A-D7D1-49D9-AF92-4E692A35687A}.Debug|Any CPU.ActiveCfg = Debug|Any CPU
		{12B92D0A-D7D1-49D9-AF92-4E692A35687A}.Debug|Any CPU.Build.0 = Debug|Any CPU
		{12B92D0A-D7D1-49D9-AF92-4E692A35687A}.Release|Any CPU.ActiveCfg = Release|Any CPU
		{12B92D0A-D7D1-49D9-AF92-4E692A35687A}.Release|Any CPU.Build.0 = Release|Any CPU
		{AE65350A-2D04-4A36-832A-5C24765828EE}.Debug|Any CPU.ActiveCfg = Debug|Any CPU
		{AE65350A-2D04-4A36-832A-5C24765828EE}.Debug|Any CPU.Build.0 = Debug|Any CPU
		{AE65350A-2D04-4A36-832A-5C24765828EE}.Release|Any CPU.ActiveCfg = Release|Any CPU
		{AE65350A-2D04-4A36-832A-5C24765828EE}.Release|Any CPU.Build.0 = Release|Any CPU
		{EF51E497-42F0-4AD9-9BB9-072AF72B072C}.Debug|Any CPU.ActiveCfg = Debug|Any CPU
		{EF51E497-42F0-4AD9-9BB9-072AF72B072C}.Debug|Any CPU.Build.0 = Debug|Any CPU
		{EF51E497-42F0-4AD9-9BB9-072AF72B072C}.Release|Any CPU.ActiveCfg = Release|Any CPU
		{EF51E497-42F0-4AD9-9BB9-072AF72B072C}.Release|Any CPU.Build.0 = Release|Any CPU
		{0EAAF244-7F67-4F64-A815-A1B0625CF245}.Debug|Any CPU.ActiveCfg = Debug|Any CPU
		{0EAAF244-7F67-4F64-A815-A1B0625CF245}.Debug|Any CPU.Build.0 = Debug|Any CPU
		{0EAAF244-7F67-4F64-A815-A1B0625CF245}.Release|Any CPU.ActiveCfg = Release|Any CPU
		{0EAAF244-7F67-4F64-A815-A1B0625CF245}.Release|Any CPU.Build.0 = Release|Any CPU
		{D57806F6-DF2F-4992-8835-07BB9ABF7E4B}.Debug|Any CPU.ActiveCfg = Debug|Any CPU
		{D57806F6-DF2F-4992-8835-07BB9ABF7E4B}.Debug|Any CPU.Build.0 = Debug|Any CPU
		{D57806F6-DF2F-4992-8835-07BB9ABF7E4B}.Release|Any CPU.ActiveCfg = Release|Any CPU
		{D57806F6-DF2F-4992-8835-07BB9ABF7E4B}.Release|Any CPU.Build.0 = Release|Any CPU
		{2AE9B3BA-5622-49C6-ACB6-9CA2F688A354}.Debug|Any CPU.ActiveCfg = Debug|Any CPU
		{2AE9B3BA-5622-49C6-ACB6-9CA2F688A354}.Debug|Any CPU.Build.0 = Debug|Any CPU
		{2AE9B3BA-5622-49C6-ACB6-9CA2F688A354}.Release|Any CPU.ActiveCfg = Release|Any CPU
		{2AE9B3BA-5622-49C6-ACB6-9CA2F688A354}.Release|Any CPU.Build.0 = Release|Any CPU
		{3795862A-E84C-46E7-9D26-3DDACA461307}.Debug|Any CPU.ActiveCfg = Debug|Any CPU
		{3795862A-E84C-46E7-9D26-3DDACA461307}.Debug|Any CPU.Build.0 = Debug|Any CPU
		{3795862A-E84C-46E7-9D26-3DDACA461307}.Release|Any CPU.ActiveCfg = Release|Any CPU
		{3795862A-E84C-46E7-9D26-3DDACA461307}.Release|Any CPU.Build.0 = Release|Any CPU
		{1186DABD-EB7E-4D8C-852B-26C6600E0338}.Debug|Any CPU.ActiveCfg = Debug|Any CPU
		{1186DABD-EB7E-4D8C-852B-26C6600E0338}.Debug|Any CPU.Build.0 = Debug|Any CPU
		{1186DABD-EB7E-4D8C-852B-26C6600E0338}.Release|Any CPU.ActiveCfg = Release|Any CPU
		{1186DABD-EB7E-4D8C-852B-26C6600E0338}.Release|Any CPU.Build.0 = Release|Any CPU
		{EF9C05CA-4125-4B24-8E38-6069D46EFB78}.Debug|Any CPU.ActiveCfg = Debug|Any CPU
		{EF9C05CA-4125-4B24-8E38-6069D46EFB78}.Debug|Any CPU.Build.0 = Debug|Any CPU
		{EF9C05CA-4125-4B24-8E38-6069D46EFB78}.Release|Any CPU.ActiveCfg = Release|Any CPU
		{EF9C05CA-4125-4B24-8E38-6069D46EFB78}.Release|Any CPU.Build.0 = Release|Any CPU
		{DA973A7D-3C5A-4BD2-B014-6A7BBE7E6C28}.Debug|Any CPU.ActiveCfg = Debug|Any CPU
		{DA973A7D-3C5A-4BD2-B014-6A7BBE7E6C28}.Debug|Any CPU.Build.0 = Debug|Any CPU
		{DA973A7D-3C5A-4BD2-B014-6A7BBE7E6C28}.Release|Any CPU.ActiveCfg = Release|Any CPU
		{DA973A7D-3C5A-4BD2-B014-6A7BBE7E6C28}.Release|Any CPU.Build.0 = Release|Any CPU
		{DDA0ED2F-0917-48C0-A7F9-E2AC3EBFD520}.Debug|Any CPU.ActiveCfg = Debug|Any CPU
		{DDA0ED2F-0917-48C0-A7F9-E2AC3EBFD520}.Debug|Any CPU.Build.0 = Debug|Any CPU
		{DDA0ED2F-0917-48C0-A7F9-E2AC3EBFD520}.Release|Any CPU.ActiveCfg = Release|Any CPU
		{DDA0ED2F-0917-48C0-A7F9-E2AC3EBFD520}.Release|Any CPU.Build.0 = Release|Any CPU
		{F6707DE5-9C52-4A29-BE02-9784D28D7F20}.Debug|Any CPU.ActiveCfg = Debug|Any CPU
		{F6707DE5-9C52-4A29-BE02-9784D28D7F20}.Debug|Any CPU.Build.0 = Debug|Any CPU
		{F6707DE5-9C52-4A29-BE02-9784D28D7F20}.Release|Any CPU.ActiveCfg = Release|Any CPU
		{F6707DE5-9C52-4A29-BE02-9784D28D7F20}.Release|Any CPU.Build.0 = Release|Any CPU
		{A0F168F1-4526-4436-8951-0277D6D1F7D7}.Debug|Any CPU.ActiveCfg = Debug|Any CPU
		{A0F168F1-4526-4436-8951-0277D6D1F7D7}.Debug|Any CPU.Build.0 = Debug|Any CPU
		{A0F168F1-4526-4436-8951-0277D6D1F7D7}.Release|Any CPU.ActiveCfg = Release|Any CPU
		{A0F168F1-4526-4436-8951-0277D6D1F7D7}.Release|Any CPU.Build.0 = Release|Any CPU
		{C1A03F39-FC37-4888-BEC8-01889B20869B}.Debug|Any CPU.ActiveCfg = Debug|Any CPU
		{C1A03F39-FC37-4888-BEC8-01889B20869B}.Debug|Any CPU.Build.0 = Debug|Any CPU
		{C1A03F39-FC37-4888-BEC8-01889B20869B}.Release|Any CPU.ActiveCfg = Release|Any CPU
		{C1A03F39-FC37-4888-BEC8-01889B20869B}.Release|Any CPU.Build.0 = Release|Any CPU
		{53E811D4-1A56-4F0C-8E81-7DFF19DC6C8D}.Debug|Any CPU.ActiveCfg = Debug|Any CPU
		{53E811D4-1A56-4F0C-8E81-7DFF19DC6C8D}.Debug|Any CPU.Build.0 = Debug|Any CPU
		{53E811D4-1A56-4F0C-8E81-7DFF19DC6C8D}.Release|Any CPU.ActiveCfg = Release|Any CPU
		{53E811D4-1A56-4F0C-8E81-7DFF19DC6C8D}.Release|Any CPU.Build.0 = Release|Any CPU
		{4C22E5A7-6BA4-4DA5-93BB-B0F5DBCCEE65}.Debug|Any CPU.ActiveCfg = Debug|Any CPU
		{4C22E5A7-6BA4-4DA5-93BB-B0F5DBCCEE65}.Debug|Any CPU.Build.0 = Debug|Any CPU
		{4C22E5A7-6BA4-4DA5-93BB-B0F5DBCCEE65}.Release|Any CPU.ActiveCfg = Release|Any CPU
		{4C22E5A7-6BA4-4DA5-93BB-B0F5DBCCEE65}.Release|Any CPU.Build.0 = Release|Any CPU
		{6131DBEF-14A1-441A-A6B1-BD8647993F73}.Debug|Any CPU.ActiveCfg = Debug|Any CPU
		{6131DBEF-14A1-441A-A6B1-BD8647993F73}.Debug|Any CPU.Build.0 = Debug|Any CPU
		{6131DBEF-14A1-441A-A6B1-BD8647993F73}.Release|Any CPU.ActiveCfg = Release|Any CPU
		{6131DBEF-14A1-441A-A6B1-BD8647993F73}.Release|Any CPU.Build.0 = Release|Any CPU
		{8A46106B-12B5-4CCE-9E96-B0E382C0C011}.Debug|Any CPU.ActiveCfg = Debug|Any CPU
		{8A46106B-12B5-4CCE-9E96-B0E382C0C011}.Debug|Any CPU.Build.0 = Debug|Any CPU
		{8A46106B-12B5-4CCE-9E96-B0E382C0C011}.Release|Any CPU.ActiveCfg = Release|Any CPU
		{8A46106B-12B5-4CCE-9E96-B0E382C0C011}.Release|Any CPU.Build.0 = Release|Any CPU
		{306D0D71-0478-4713-B923-101CAC3D133B}.Debug|Any CPU.ActiveCfg = Debug|Any CPU
		{306D0D71-0478-4713-B923-101CAC3D133B}.Debug|Any CPU.Build.0 = Debug|Any CPU
		{306D0D71-0478-4713-B923-101CAC3D133B}.Release|Any CPU.ActiveCfg = Release|Any CPU
		{306D0D71-0478-4713-B923-101CAC3D133B}.Release|Any CPU.Build.0 = Release|Any CPU
		{F96A3340-B75E-42B4-9EB7-F767D0D5CFC6}.Debug|Any CPU.ActiveCfg = Debug|Any CPU
		{F96A3340-B75E-42B4-9EB7-F767D0D5CFC6}.Debug|Any CPU.Build.0 = Debug|Any CPU
		{F96A3340-B75E-42B4-9EB7-F767D0D5CFC6}.Release|Any CPU.ActiveCfg = Release|Any CPU
		{F96A3340-B75E-42B4-9EB7-F767D0D5CFC6}.Release|Any CPU.Build.0 = Release|Any CPU
		{8849F21B-AA34-4688-B170-C526757DEA03}.Debug|Any CPU.ActiveCfg = Debug|Any CPU
		{8849F21B-AA34-4688-B170-C526757DEA03}.Debug|Any CPU.Build.0 = Debug|Any CPU
		{8849F21B-AA34-4688-B170-C526757DEA03}.Release|Any CPU.ActiveCfg = Release|Any CPU
		{8849F21B-AA34-4688-B170-C526757DEA03}.Release|Any CPU.Build.0 = Release|Any CPU
		{2D9BE1FB-CEA1-4531-A1C2-924D6E78E715}.Debug|Any CPU.ActiveCfg = Debug|Any CPU
		{2D9BE1FB-CEA1-4531-A1C2-924D6E78E715}.Debug|Any CPU.Build.0 = Debug|Any CPU
		{2D9BE1FB-CEA1-4531-A1C2-924D6E78E715}.Release|Any CPU.ActiveCfg = Release|Any CPU
		{2D9BE1FB-CEA1-4531-A1C2-924D6E78E715}.Release|Any CPU.Build.0 = Release|Any CPU
		{59471FBC-1C77-4FB5-8899-73D00ED0D0E4}.Debug|Any CPU.ActiveCfg = Debug|Any CPU
		{59471FBC-1C77-4FB5-8899-73D00ED0D0E4}.Debug|Any CPU.Build.0 = Debug|Any CPU
		{59471FBC-1C77-4FB5-8899-73D00ED0D0E4}.Release|Any CPU.ActiveCfg = Release|Any CPU
		{59471FBC-1C77-4FB5-8899-73D00ED0D0E4}.Release|Any CPU.Build.0 = Release|Any CPU
		{DA69995C-C650-40B3-91F0-693B9A26FAE2}.Debug|Any CPU.ActiveCfg = Debug|Any CPU
		{DA69995C-C650-40B3-91F0-693B9A26FAE2}.Debug|Any CPU.Build.0 = Debug|Any CPU
		{DA69995C-C650-40B3-91F0-693B9A26FAE2}.Release|Any CPU.ActiveCfg = Release|Any CPU
		{DA69995C-C650-40B3-91F0-693B9A26FAE2}.Release|Any CPU.Build.0 = Release|Any CPU
		{38C07482-607D-4E9E-88B0-FC3443E225F6}.Debug|Any CPU.ActiveCfg = Debug|Any CPU
		{38C07482-607D-4E9E-88B0-FC3443E225F6}.Debug|Any CPU.Build.0 = Debug|Any CPU
		{38C07482-607D-4E9E-88B0-FC3443E225F6}.Release|Any CPU.ActiveCfg = Release|Any CPU
		{38C07482-607D-4E9E-88B0-FC3443E225F6}.Release|Any CPU.Build.0 = Release|Any CPU
		{AF1822B1-52B5-42A1-83D6-C9E1D8438BDA}.Debug|Any CPU.ActiveCfg = Debug|Any CPU
		{AF1822B1-52B5-42A1-83D6-C9E1D8438BDA}.Debug|Any CPU.Build.0 = Debug|Any CPU
		{AF1822B1-52B5-42A1-83D6-C9E1D8438BDA}.Release|Any CPU.ActiveCfg = Release|Any CPU
		{AF1822B1-52B5-42A1-83D6-C9E1D8438BDA}.Release|Any CPU.Build.0 = Release|Any CPU
		{E3120D40-6DD1-4D9F-AB8B-BEAE8EC2002E}.Debug|Any CPU.ActiveCfg = Debug|Any CPU
		{E3120D40-6DD1-4D9F-AB8B-BEAE8EC2002E}.Debug|Any CPU.Build.0 = Debug|Any CPU
		{E3120D40-6DD1-4D9F-AB8B-BEAE8EC2002E}.Release|Any CPU.ActiveCfg = Release|Any CPU
		{E3120D40-6DD1-4D9F-AB8B-BEAE8EC2002E}.Release|Any CPU.Build.0 = Release|Any CPU
		{4A1995AF-1186-4811-A2F1-0D5857C964DF}.Debug|Any CPU.ActiveCfg = Debug|Any CPU
		{4A1995AF-1186-4811-A2F1-0D5857C964DF}.Debug|Any CPU.Build.0 = Debug|Any CPU
		{4A1995AF-1186-4811-A2F1-0D5857C964DF}.Release|Any CPU.ActiveCfg = Release|Any CPU
		{4A1995AF-1186-4811-A2F1-0D5857C964DF}.Release|Any CPU.Build.0 = Release|Any CPU
	EndGlobalSection
	GlobalSection(SolutionProperties) = preSolution
		HideSolutionNode = FALSE
	EndGlobalSection
	GlobalSection(ExtensibilityGlobals) = postSolution
		SolutionGuid = {44320C48-6DB2-427C-9881-D21DCA93580C}
	EndGlobalSection
	
EndGlobal
