
Microsoft Visual Studio Solution File, Format Version 12.00
# Visual Studio 2013
VisualStudioVersion = 12.0.21005.1
MinimumVisualStudioVersion = 10.0.40219.1
Project("{F184B08F-C81C-45F6-A57F-5ABD9991F28F}") = "Transfer_Letter", "Transfer_Letter.vbproj", "{EC470EDE-5933-4711-A8DE-22C08DEBB4BA}"
EndProject
Global
	GlobalSection(TeamFoundationVersionControl) = preSolution
		SccNumberOfProjects = 1
		SccEnterpriseProvider = {4CA58AB2-18FA-4F8D-95D4-32DDF27D184C}
		SccTeamFoundationServer = http://se2tfs:8080/tfs/se2maincollection
		SccProjectUniqueName0 = Transfer_Letter.vbproj
		SccProjectName0 = .
		SccAuxPath0 = http://se2tfs:8080/tfs/se2maincollection
		SccLocalPath0 = .
		SccProvider0 = {4CA58AB2-18FA-4F8D-95D4-32DDF27D184C}
	EndGlobalSection
	GlobalSection(SolutionConfigurationPlatforms) = preSolution
		Debug|Any CPU = Debug|Any CPU
		Release|Any CPU = Release|Any CPU
	EndGlobalSection
	GlobalSection(ProjectConfigurationPlatforms) = postSolution
		{EC470EDE-5933-4711-A8DE-22C08DEBB4BA}.Debug|Any CPU.ActiveCfg = Debug|Any CPU
		{EC470EDE-5933-4711-A8DE-22C08DEBB4BA}.Debug|Any CPU.Build.0 = Debug|Any CPU
		{EC470EDE-5933-4711-A8DE-22C08DEBB4BA}.Release|Any CPU.ActiveCfg = Release|Any CPU
		{EC470EDE-5933-4711-A8DE-22C08DEBB4BA}.Release|Any CPU.Build.0 = Release|Any CPU
	EndGlobalSection
	GlobalSection(SolutionProperties) = preSolution
		HideSolutionNode = FALSE
	EndGlobalSection
EndGlobal
